
Microsoft Visual Studio Solution File, Format Version 12.00
# Visual Studio Version 17
VisualStudioVersion = 17.14.36511.14
MinimumVisualStudioVersion = 10.0.40219.1
Project("{2150E333-8FDC-42A3-9474-1A3956D46DE8}") = "trees", "trees", "{36D591C7-65C7-A0D1-1CBC-10CDE441BDC8}"
EndProject
Project("{2150E333-8FDC-42A3-9474-1A3956D46DE8}") = "binary_search_tree", "binary_search_tree", "{F6FD66AF-5514-4B83-96B2-53C8A927886B}"
EndProject
Project("{2150E333-8FDC-42A3-9474-1A3956D46DE8}") = "Элементы решения", "Элементы решения", "{754FC069-D67B-A9D7-50A1-8D1CA196D8F1}"
	ProjectSection(SolutionItems) = preProject
		algorithms_timer.h = algorithms_timer.h
		trees\binary_search_tree\bst\bst.vcxproj = trees\binary_search_tree\bst\bst.vcxproj
	EndProjectSection
EndProject
Project("{8BC9CEB8-8B4A-11D0-8D11-00A0C91BC942}") = "bst", "trees\binary_search_tree\bst\bst.vcxproj", "{72543DF5-1CE0-4D03-A9C0-CE660C8F4F51}"
EndProject
Project("{8BC9CEB8-8B4A-11D0-8D11-00A0C91BC942}") = "bst_tests", "bst_tests\bst_tests.vcxproj", "{EF2BC1B2-8263-44F5-BFCB-2D504CB0A9C9}"
EndProject
Project("{8BC9CEB8-8B4A-11D0-8D11-00A0C91BC942}") = "trees_lib", "trees\trees_lib\trees_lib.vcxproj", "{359EAC44-DA02-4B1E-8E75-C58AEF7E09AE}"
EndProject
Project("{2150E333-8FDC-42A3-9474-1A3956D46DE8}") = "AVL_tree", "AVL_tree", "{ADDA8536-3E2F-4993-A6D6-60C5B5569E35}"
EndProject
Project("{8BC9CEB8-8B4A-11D0-8D11-00A0C91BC942}") = "avl", "trees\AVL_tree\avl\avl.vcxproj", "{281B1585-F943-4744-944F-2B4C08BDF173}"
EndProject
Project("{8BC9CEB8-8B4A-11D0-8D11-00A0C91BC942}") = "avl_tests", "avl_tests\avl_tests.vcxproj", "{2AAFD138-4CE7-46B4-8782-D750B9EB95C8}"
EndProject
Project("{2150E333-8FDC-42A3-9474-1A3956D46DE8}") = "sorting", "sorting", "{2E79F67C-F5C5-4436-A9C3-FA807B4C31C1}"
EndProject
Project("{8BC9CEB8-8B4A-11D0-8D11-00A0C91BC942}") = "bubble_sort", "sorting\bubble_sort\bubble_sort.vcxproj", "{122373B8-7044-45B9-8551-2C2FC96C42B7}"
EndProject
Project("{2150E333-8FDC-42A3-9474-1A3956D46DE8}") = "red_black_tree", "red_black_tree", "{10B73C31-42BE-4F23-8B8A-1FBACE0C59B7}"
EndProject
Project("{8BC9CEB8-8B4A-11D0-8D11-00A0C91BC942}") = "rbt", "trees\red_black_tree\rbt\rbt.vcxproj", "{65A21C18-A659-416A-AB92-C661DDAA3466}"
EndProject
Project("{8BC9CEB8-8B4A-11D0-8D11-00A0C91BC942}") = "indepedence_rbt", "trees\red_black_tree\indepedence_rbt\indepedence_rbt.vcxproj", "{A8CA23EA-F752-4944-8D77-AF604FB43249}"
EndProject
Project("{2150E333-8FDC-42A3-9474-1A3956D46DE8}") = "hashmap", "hashmap", "{7B9AC62F-CBBE-4255-B840-71AEA1EE0929}"
EndProject
Project("{8BC9CEB8-8B4A-11D0-8D11-00A0C91BC942}") = "hashmap_chaining", "hashmap\hashmap_chaining\hashmap_chaining.vcxproj", "{E0B6F96B-93D6-49D6-9EAC-7A1FBCE3B06A}"
EndProject
Global
	GlobalSection(SolutionConfigurationPlatforms) = preSolution
		Debug|x64 = Debug|x64
		Debug|x86 = Debug|x86
		Release|x64 = Release|x64
		Release|x86 = Release|x86
	EndGlobalSection
	GlobalSection(ProjectConfigurationPlatforms) = postSolution
		{72543DF5-1CE0-4D03-A9C0-CE660C8F4F51}.Debug|x64.ActiveCfg = Debug|x64
		{72543DF5-1CE0-4D03-A9C0-CE660C8F4F51}.Debug|x64.Build.0 = Debug|x64
		{72543DF5-1CE0-4D03-A9C0-CE660C8F4F51}.Debug|x86.ActiveCfg = Debug|Win32
		{72543DF5-1CE0-4D03-A9C0-CE660C8F4F51}.Debug|x86.Build.0 = Debug|Win32
		{72543DF5-1CE0-4D03-A9C0-CE660C8F4F51}.Release|x64.ActiveCfg = Release|x64
		{72543DF5-1CE0-4D03-A9C0-CE660C8F4F51}.Release|x64.Build.0 = Release|x64
		{72543DF5-1CE0-4D03-A9C0-CE660C8F4F51}.Release|x86.ActiveCfg = Release|Win32
		{72543DF5-1CE0-4D03-A9C0-CE660C8F4F51}.Release|x86.Build.0 = Release|Win32
		{EF2BC1B2-8263-44F5-BFCB-2D504CB0A9C9}.Debug|x64.ActiveCfg = Debug|x64
		{EF2BC1B2-8263-44F5-BFCB-2D504CB0A9C9}.Debug|x64.Build.0 = Debug|x64
		{EF2BC1B2-8263-44F5-BFCB-2D504CB0A9C9}.Debug|x86.ActiveCfg = Debug|Win32
		{EF2BC1B2-8263-44F5-BFCB-2D504CB0A9C9}.Debug|x86.Build.0 = Debug|Win32
		{EF2BC1B2-8263-44F5-BFCB-2D504CB0A9C9}.Release|x64.ActiveCfg = Release|x64
		{EF2BC1B2-8263-44F5-BFCB-2D504CB0A9C9}.Release|x64.Build.0 = Release|x64
		{EF2BC1B2-8263-44F5-BFCB-2D504CB0A9C9}.Release|x86.ActiveCfg = Release|Win32
		{EF2BC1B2-8263-44F5-BFCB-2D504CB0A9C9}.Release|x86.Build.0 = Release|Win32
		{359EAC44-DA02-4B1E-8E75-C58AEF7E09AE}.Debug|x64.ActiveCfg = Debug|x64
		{359EAC44-DA02-4B1E-8E75-C58AEF7E09AE}.Debug|x64.Build.0 = Debug|x64
		{359EAC44-DA02-4B1E-8E75-C58AEF7E09AE}.Debug|x86.ActiveCfg = Debug|Win32
		{359EAC44-DA02-4B1E-8E75-C58AEF7E09AE}.Debug|x86.Build.0 = Debug|Win32
		{359EAC44-DA02-4B1E-8E75-C58AEF7E09AE}.Release|x64.ActiveCfg = Release|x64
		{359EAC44-DA02-4B1E-8E75-C58AEF7E09AE}.Release|x64.Build.0 = Release|x64
		{359EAC44-DA02-4B1E-8E75-C58AEF7E09AE}.Release|x86.ActiveCfg = Release|Win32
		{359EAC44-DA02-4B1E-8E75-C58AEF7E09AE}.Release|x86.Build.0 = Release|Win32
		{281B1585-F943-4744-944F-2B4C08BDF173}.Debug|x64.ActiveCfg = Debug|x64
		{281B1585-F943-4744-944F-2B4C08BDF173}.Debug|x64.Build.0 = Debug|x64
		{281B1585-F943-4744-944F-2B4C08BDF173}.Debug|x86.ActiveCfg = Debug|Win32
		{281B1585-F943-4744-944F-2B4C08BDF173}.Debug|x86.Build.0 = Debug|Win32
		{281B1585-F943-4744-944F-2B4C08BDF173}.Release|x64.ActiveCfg = Release|x64
		{281B1585-F943-4744-944F-2B4C08BDF173}.Release|x64.Build.0 = Release|x64
		{281B1585-F943-4744-944F-2B4C08BDF173}.Release|x86.ActiveCfg = Release|Win32
		{281B1585-F943-4744-944F-2B4C08BDF173}.Release|x86.Build.0 = Release|Win32
		{2AAFD138-4CE7-46B4-8782-D750B9EB95C8}.Debug|x64.ActiveCfg = Debug|x64
		{2AAFD138-4CE7-46B4-8782-D750B9EB95C8}.Debug|x64.Build.0 = Debug|x64
		{2AAFD138-4CE7-46B4-8782-D750B9EB95C8}.Debug|x86.ActiveCfg = Debug|Win32
		{2AAFD138-4CE7-46B4-8782-D750B9EB95C8}.Debug|x86.Build.0 = Debug|Win32
		{2AAFD138-4CE7-46B4-8782-D750B9EB95C8}.Release|x64.ActiveCfg = Release|x64
		{2AAFD138-4CE7-46B4-8782-D750B9EB95C8}.Release|x64.Build.0 = Release|x64
		{2AAFD138-4CE7-46B4-8782-D750B9EB95C8}.Release|x86.ActiveCfg = Release|Win32
		{2AAFD138-4CE7-46B4-8782-D750B9EB95C8}.Release|x86.Build.0 = Release|Win32
		{122373B8-7044-45B9-8551-2C2FC96C42B7}.Debug|x64.ActiveCfg = Debug|x64
		{122373B8-7044-45B9-8551-2C2FC96C42B7}.Debug|x64.Build.0 = Debug|x64
		{122373B8-7044-45B9-8551-2C2FC96C42B7}.Debug|x86.ActiveCfg = Debug|Win32
		{122373B8-7044-45B9-8551-2C2FC96C42B7}.Debug|x86.Build.0 = Debug|Win32
		{122373B8-7044-45B9-8551-2C2FC96C42B7}.Release|x64.ActiveCfg = Release|x64
		{122373B8-7044-45B9-8551-2C2FC96C42B7}.Release|x64.Build.0 = Release|x64
		{122373B8-7044-45B9-8551-2C2FC96C42B7}.Release|x86.ActiveCfg = Release|Win32
		{122373B8-7044-45B9-8551-2C2FC96C42B7}.Release|x86.Build.0 = Release|Win32
		{65A21C18-A659-416A-AB92-C661DDAA3466}.Debug|x64.ActiveCfg = Debug|x64
		{65A21C18-A659-416A-AB92-C661DDAA3466}.Debug|x64.Build.0 = Debug|x64
		{65A21C18-A659-416A-AB92-C661DDAA3466}.Debug|x86.ActiveCfg = Debug|Win32
		{65A21C18-A659-416A-AB92-C661DDAA3466}.Debug|x86.Build.0 = Debug|Win32
		{65A21C18-A659-416A-AB92-C661DDAA3466}.Release|x64.ActiveCfg = Release|x64
		{65A21C18-A659-416A-AB92-C661DDAA3466}.Release|x64.Build.0 = Release|x64
		{65A21C18-A659-416A-AB92-C661DDAA3466}.Release|x86.ActiveCfg = Release|Win32
		{65A21C18-A659-416A-AB92-C661DDAA3466}.Release|x86.Build.0 = Release|Win32
		{A8CA23EA-F752-4944-8D77-AF604FB43249}.Debug|x64.ActiveCfg = Debug|x64
		{A8CA23EA-F752-4944-8D77-AF604FB43249}.Debug|x64.Build.0 = Debug|x64
		{A8CA23EA-F752-4944-8D77-AF604FB43249}.Debug|x86.ActiveCfg = Debug|Win32
		{A8CA23EA-F752-4944-8D77-AF604FB43249}.Debug|x86.Build.0 = Debug|Win32
		{A8CA23EA-F752-4944-8D77-AF604FB43249}.Release|x64.ActiveCfg = Release|x64
		{A8CA23EA-F752-4944-8D77-AF604FB43249}.Release|x64.Build.0 = Release|x64
		{A8CA23EA-F752-4944-8D77-AF604FB43249}.Release|x86.ActiveCfg = Release|Win32
		{A8CA23EA-F752-4944-8D77-AF604FB43249}.Release|x86.Build.0 = Release|Win32
		{E0B6F96B-93D6-49D6-9EAC-7A1FBCE3B06A}.Debug|x64.ActiveCfg = Debug|x64
		{E0B6F96B-93D6-49D6-9EAC-7A1FBCE3B06A}.Debug|x64.Build.0 = Debug|x64
		{E0B6F96B-93D6-49D6-9EAC-7A1FBCE3B06A}.Debug|x86.ActiveCfg = Debug|Win32
		{E0B6F96B-93D6-49D6-9EAC-7A1FBCE3B06A}.Debug|x86.Build.0 = Debug|Win32
		{E0B6F96B-93D6-49D6-9EAC-7A1FBCE3B06A}.Release|x64.ActiveCfg = Release|x64
		{E0B6F96B-93D6-49D6-9EAC-7A1FBCE3B06A}.Release|x64.Build.0 = Release|x64
		{E0B6F96B-93D6-49D6-9EAC-7A1FBCE3B06A}.Release|x86.ActiveCfg = Release|Win32
		{E0B6F96B-93D6-49D6-9EAC-7A1FBCE3B06A}.Release|x86.Build.0 = Release|Win32
	EndGlobalSection
	GlobalSection(SolutionProperties) = preSolution
		HideSolutionNode = FALSE
	EndGlobalSection
	GlobalSection(NestedProjects) = preSolution
		{F6FD66AF-5514-4B83-96B2-53C8A927886B} = {36D591C7-65C7-A0D1-1CBC-10CDE441BDC8}
		{72543DF5-1CE0-4D03-A9C0-CE660C8F4F51} = {F6FD66AF-5514-4B83-96B2-53C8A927886B}
		{359EAC44-DA02-4B1E-8E75-C58AEF7E09AE} = {36D591C7-65C7-A0D1-1CBC-10CDE441BDC8}
		{ADDA8536-3E2F-4993-A6D6-60C5B5569E35} = {36D591C7-65C7-A0D1-1CBC-10CDE441BDC8}
		{281B1585-F943-4744-944F-2B4C08BDF173} = {ADDA8536-3E2F-4993-A6D6-60C5B5569E35}
		{2AAFD138-4CE7-46B4-8782-D750B9EB95C8} = {ADDA8536-3E2F-4993-A6D6-60C5B5569E35}
		{122373B8-7044-45B9-8551-2C2FC96C42B7} = {2E79F67C-F5C5-4436-A9C3-FA807B4C31C1}
		{10B73C31-42BE-4F23-8B8A-1FBACE0C59B7} = {36D591C7-65C7-A0D1-1CBC-10CDE441BDC8}
		{65A21C18-A659-416A-AB92-C661DDAA3466} = {10B73C31-42BE-4F23-8B8A-1FBACE0C59B7}
		{A8CA23EA-F752-4944-8D77-AF604FB43249} = {10B73C31-42BE-4F23-8B8A-1FBACE0C59B7}
		{E0B6F96B-93D6-49D6-9EAC-7A1FBCE3B06A} = {7B9AC62F-CBBE-4255-B840-71AEA1EE0929}
	EndGlobalSection
	GlobalSection(ExtensibilityGlobals) = postSolution
		SolutionGuid = {908563B0-4DB4-4DC0-AA66-F56D00163F9F}
	EndGlobalSection
EndGlobal
