
Microsoft Visual Studio Solution File, Format Version 12.00
# Visual Studio Version 17
VisualStudioVersion = 17.14.36511.14
MinimumVisualStudioVersion = 10.0.40219.1
Project("{2150E333-8FDC-42A3-9474-1A3956D46DE8}") = "trees", "trees", "{36D591C7-65C7-A0D1-1CBC-10CDE441BDC8}"
EndProject
Project("{2150E333-8FDC-42A3-9474-1A3956D46DE8}") = "binary_search_tree", "binary_search_tree", "{F6FD66AF-5514-4B83-96B2-53C8A927886B}"
EndProject
Project("{2150E333-8FDC-42A3-9474-1A3956D46DE8}") = "Элементы решения", "Элементы решения", "{754FC069-D67B-A9D7-50A1-8D1CA196D8F1}"
	ProjectSection(SolutionItems) = preProject
		trees\binary_search_tree\bst\bst.vcxproj = trees\binary_search_tree\bst\bst.vcxproj
	EndProjectSection
EndProject
Project("{8BC9CEB8-8B4A-11D0-8D11-00A0C91BC942}") = "bst", "trees\binary_search_tree\bst\bst.vcxproj", "{72543DF5-1CE0-4D03-A9C0-CE660C8F4F51}"
EndProject
Project("{8BC9CEB8-8B4A-11D0-8D11-00A0C91BC942}") = "bst_lib", "trees\binary_search_tree\bst_lib\bst_lib.vcxproj", "{359EAC44-DA02-4B1E-8E75-C58AEF7E09AE}"
EndProject
Project("{8BC9CEB8-8B4A-11D0-8D11-00A0C91BC942}") = "bst_tests", "bst_tests\bst_tests.vcxproj", "{EF2BC1B2-8263-44F5-BFCB-2D504CB0A9C9}"
EndProject
Global
	GlobalSection(SolutionConfigurationPlatforms) = preSolution
		Debug|x64 = Debug|x64
		Debug|x86 = Debug|x86
		Release|x64 = Release|x64
		Release|x86 = Release|x86
	EndGlobalSection
	GlobalSection(ProjectConfigurationPlatforms) = postSolution
		{72543DF5-1CE0-4D03-A9C0-CE660C8F4F51}.Debug|x64.ActiveCfg = Debug|x64
		{72543DF5-1CE0-4D03-A9C0-CE660C8F4F51}.Debug|x64.Build.0 = Debug|x64
		{72543DF5-1CE0-4D03-A9C0-CE660C8F4F51}.Debug|x86.ActiveCfg = Debug|Win32
		{72543DF5-1CE0-4D03-A9C0-CE660C8F4F51}.Debug|x86.Build.0 = Debug|Win32
		{72543DF5-1CE0-4D03-A9C0-CE660C8F4F51}.Release|x64.ActiveCfg = Release|x64
		{72543DF5-1CE0-4D03-A9C0-CE660C8F4F51}.Release|x64.Build.0 = Release|x64
		{72543DF5-1CE0-4D03-A9C0-CE660C8F4F51}.Release|x86.ActiveCfg = Release|Win32
		{72543DF5-1CE0-4D03-A9C0-CE660C8F4F51}.Release|x86.Build.0 = Release|Win32
		{359EAC44-DA02-4B1E-8E75-C58AEF7E09AE}.Debug|x64.ActiveCfg = Debug|x64
		{359EAC44-DA02-4B1E-8E75-C58AEF7E09AE}.Debug|x64.Build.0 = Debug|x64
		{359EAC44-DA02-4B1E-8E75-C58AEF7E09AE}.Debug|x86.ActiveCfg = Debug|Win32
		{359EAC44-DA02-4B1E-8E75-C58AEF7E09AE}.Debug|x86.Build.0 = Debug|Win32
		{359EAC44-DA02-4B1E-8E75-C58AEF7E09AE}.Release|x64.ActiveCfg = Release|x64
		{359EAC44-DA02-4B1E-8E75-C58AEF7E09AE}.Release|x64.Build.0 = Release|x64
		{359EAC44-DA02-4B1E-8E75-C58AEF7E09AE}.Release|x86.ActiveCfg = Release|Win32
		{359EAC44-DA02-4B1E-8E75-C58AEF7E09AE}.Release|x86.Build.0 = Release|Win32
		{EF2BC1B2-8263-44F5-BFCB-2D504CB0A9C9}.Debug|x64.ActiveCfg = Debug|x64
		{EF2BC1B2-8263-44F5-BFCB-2D504CB0A9C9}.Debug|x64.Build.0 = Debug|x64
		{EF2BC1B2-8263-44F5-BFCB-2D504CB0A9C9}.Debug|x86.ActiveCfg = Debug|Win32
		{EF2BC1B2-8263-44F5-BFCB-2D504CB0A9C9}.Debug|x86.Build.0 = Debug|Win32
		{EF2BC1B2-8263-44F5-BFCB-2D504CB0A9C9}.Release|x64.ActiveCfg = Release|x64
		{EF2BC1B2-8263-44F5-BFCB-2D504CB0A9C9}.Release|x64.Build.0 = Release|x64
		{EF2BC1B2-8263-44F5-BFCB-2D504CB0A9C9}.Release|x86.ActiveCfg = Release|Win32
		{EF2BC1B2-8263-44F5-BFCB-2D504CB0A9C9}.Release|x86.Build.0 = Release|Win32
	EndGlobalSection
	GlobalSection(SolutionProperties) = preSolution
		HideSolutionNode = FALSE
	EndGlobalSection
	GlobalSection(NestedProjects) = preSolution
		{F6FD66AF-5514-4B83-96B2-53C8A927886B} = {36D591C7-65C7-A0D1-1CBC-10CDE441BDC8}
		{72543DF5-1CE0-4D03-A9C0-CE660C8F4F51} = {F6FD66AF-5514-4B83-96B2-53C8A927886B}
		{359EAC44-DA02-4B1E-8E75-C58AEF7E09AE} = {F6FD66AF-5514-4B83-96B2-53C8A927886B}
	EndGlobalSection
	GlobalSection(ExtensibilityGlobals) = postSolution
		SolutionGuid = {908563B0-4DB4-4DC0-AA66-F56D00163F9F}
	EndGlobalSection
EndGlobal
